
Microsoft Visual Studio Solution File, Format Version 12.00
# Visual Studio Version 17
VisualStudioVersion = 17.3.32819.101
MinimumVisualStudioVersion = 10.0.40219.1
Project("{FAE04EC0-301F-11D3-BF4B-00C04F79EFBC}") = "BizSolTech_Assignment", "BizSolTech_Assignment\BizSolTech_Assignment.csproj", "{6592EC22-EAAF-425B-9906-216593E97F2D}"
EndProject
Global
	GlobalSection(SolutionConfigurationPlatforms) = preSolution
		Debug|Any CPU = Debug|Any CPU
		Release|Any CPU = Release|Any CPU
	EndGlobalSection
	GlobalSection(ProjectConfigurationPlatforms) = postSolution
		{6592EC22-EAAF-425B-9906-216593E97F2D}.Debug|Any CPU.ActiveCfg = Debug|Any CPU
		{6592EC22-EAAF-425B-9906-216593E97F2D}.Debug|Any CPU.Build.0 = Debug|Any CPU
		{6592EC22-EAAF-425B-9906-216593E97F2D}.Release|Any CPU.ActiveCfg = Release|Any CPU
		{6592EC22-EAAF-425B-9906-216593E97F2D}.Release|Any CPU.Build.0 = Release|Any CPU
	EndGlobalSection
	GlobalSection(SolutionProperties) = preSolution
		HideSolutionNode = FALSE
	EndGlobalSection
	GlobalSection(ExtensibilityGlobals) = postSolution
		SolutionGuid = {915F9247-7B18-493A-9311-0245235169AD}
	EndGlobalSection
EndGlobal
